
Microsoft Visual Studio Solution File, Format Version 12.00
# Visual Studio Version 17
VisualStudioVersion = 17.5.002.0
MinimumVisualStudioVersion = 10.0.40219.1
Project("{9A19103F-16F7-4668-BE54-9A1E7A4F7556}") = "DesafioFundamentos", "DesafioFundamentos\DesafioFundamentos.csproj", "{7281EE5F-F5F9-4DEA-B2A0-AF71D0EBA2B8}"
EndProject
Global
	GlobalSection(SolutionConfigurationPlatforms) = preSolution
		Debug|Any CPU = Debug|Any CPU
		Release|Any CPU = Release|Any CPU
	EndGlobalSection
	GlobalSection(ProjectConfigurationPlatforms) = postSolution
		{7281EE5F-F5F9-4DEA-B2A0-AF71D0EBA2B8}.Debug|Any CPU.ActiveCfg = Debug|Any CPU
		{7281EE5F-F5F9-4DEA-B2A0-AF71D0EBA2B8}.Debug|Any CPU.Build.0 = Debug|Any CPU
		{7281EE5F-F5F9-4DEA-B2A0-AF71D0EBA2B8}.Release|Any CPU.ActiveCfg = Release|Any CPU
		{7281EE5F-F5F9-4DEA-B2A0-AF71D0EBA2B8}.Release|Any CPU.Build.0 = Release|Any CPU
	EndGlobalSection
	GlobalSection(SolutionProperties) = preSolution
		HideSolutionNode = FALSE
	EndGlobalSection
	GlobalSection(ExtensibilityGlobals) = postSolution
		SolutionGuid = {5C6BF995-F5A7-4718-A694-1B77728F38C1}
	EndGlobalSection
EndGlobal
